// !$*UTF8*$!
{
	archiveVersion = 1;
	classes = {
	};
	objectVersion = 46;
	objects = {

/* Begin PBXBuildFile section */
		272C043A1C7CFF450078906F /* TimeInterval.swift in Sources */ = {isa = PBXBuildFile; fileRef = 272C04391C7CFF450078906F /* TimeInterval.swift */; };
		2797FB971C7CF9D700D2BF9C /* AppDelegate.swift in Sources */ = {isa = PBXBuildFile; fileRef = 2797FB961C7CF9D700D2BF9C /* AppDelegate.swift */; };
		2797FB9C1C7CF9D700D2BF9C /* Main.storyboard in Resources */ = {isa = PBXBuildFile; fileRef = 2797FB9A1C7CF9D700D2BF9C /* Main.storyboard */; };
		2797FB9E1C7CF9D700D2BF9C /* Assets.xcassets in Resources */ = {isa = PBXBuildFile; fileRef = 2797FB9D1C7CF9D700D2BF9C /* Assets.xcassets */; };
		2797FBA11C7CF9D700D2BF9C /* LaunchScreen.storyboard in Resources */ = {isa = PBXBuildFile; fileRef = 2797FB9F1C7CF9D700D2BF9C /* LaunchScreen.storyboard */; };
		2797FBAA1C7CFA4300D2BF9C /* CalendarViewController.swift in Sources */ = {isa = PBXBuildFile; fileRef = 2797FBA91C7CFA4300D2BF9C /* CalendarViewController.swift */; };
		279BD2621C7D019000B75A98 /* CalendarHeaderView.xib in Resources */ = {isa = PBXBuildFile; fileRef = 279BD2611C7D019000B75A98 /* CalendarHeaderView.xib */; };
		279BD2641C7D025D00B75A98 /* CalendarEventCell.xib in Resources */ = {isa = PBXBuildFile; fileRef = 279BD2631C7D025D00B75A98 /* CalendarEventCell.xib */; };
		279BD2661C7D125600B75A98 /* ViewController.swift in Sources */ = {isa = PBXBuildFile; fileRef = 279BD2651C7D125600B75A98 /* ViewController.swift */; };
		27F3EAD71C7CFB980094DF95 /* CalendarHeaderView.swift in Sources */ = {isa = PBXBuildFile; fileRef = 27F3EAD61C7CFB980094DF95 /* CalendarHeaderView.swift */; };
		27F3EAD91C7CFBC10094DF95 /* CalendarEventCell.swift in Sources */ = {isa = PBXBuildFile; fileRef = 27F3EAD81C7CFBC10094DF95 /* CalendarEventCell.swift */; };
		27F3EADB1C7CFBD90094DF95 /* CalendarLayout.swift in Sources */ = {isa = PBXBuildFile; fileRef = 27F3EADA1C7CFBD90094DF95 /* CalendarLayout.swift */; };
		27F3EADD1C7CFBF20094DF95 /* CalendarEvent.swift in Sources */ = {isa = PBXBuildFile; fileRef = 27F3EADC1C7CFBF20094DF95 /* CalendarEvent.swift */; };
		86E0C78853AC5557E6A1CEF1 /* Pods_Calendario_Clases.framework in Frameworks */ = {isa = PBXBuildFile; fileRef = 0525D37347CD1F5F7CFF4C27 /* Pods_Calendario_Clases.framework */; };
/* End PBXBuildFile section */

/* Begin PBXFileReference section */
		0525D37347CD1F5F7CFF4C27 /* Pods_Calendario_Clases.framework */ = {isa = PBXFileReference; explicitFileType = wrapper.framework; includeInIndex = 0; path = Pods_Calendario_Clases.framework; sourceTree = BUILT_PRODUCTS_DIR; };
		272C04391C7CFF450078906F /* TimeInterval.swift */ = {isa = PBXFileReference; fileEncoding = 4; lastKnownFileType = sourcecode.swift; path = TimeInterval.swift; sourceTree = "<group>"; };
		2797FB931C7CF9D700D2BF9C /* Calendario Clases.app */ = {isa = PBXFileReference; explicitFileType = wrapper.application; includeInIndex = 0; path = "Calendario Clases.app"; sourceTree = BUILT_PRODUCTS_DIR; };
		2797FB961C7CF9D700D2BF9C /* AppDelegate.swift */ = {isa = PBXFileReference; lastKnownFileType = sourcecode.swift; path = AppDelegate.swift; sourceTree = "<group>"; };
		2797FB9B1C7CF9D700D2BF9C /* Base */ = {isa = PBXFileReference; lastKnownFileType = file.storyboard; name = Base; path = Base.lproj/Main.storyboard; sourceTree = "<group>"; };
		2797FB9D1C7CF9D700D2BF9C /* Assets.xcassets */ = {isa = PBXFileReference; lastKnownFileType = folder.assetcatalog; path = Assets.xcassets; sourceTree = "<group>"; };
		2797FBA01C7CF9D700D2BF9C /* Base */ = {isa = PBXFileReference; lastKnownFileType = file.storyboard; name = Base; path = Base.lproj/LaunchScreen.storyboard; sourceTree = "<group>"; };
		2797FBA21C7CF9D700D2BF9C /* Info.plist */ = {isa = PBXFileReference; lastKnownFileType = text.plist.xml; path = Info.plist; sourceTree = "<group>"; };
		2797FBA91C7CFA4300D2BF9C /* CalendarViewController.swift */ = {isa = PBXFileReference; fileEncoding = 4; lastKnownFileType = sourcecode.swift; path = CalendarViewController.swift; sourceTree = "<group>"; };
		279BD2611C7D019000B75A98 /* CalendarHeaderView.xib */ = {isa = PBXFileReference; fileEncoding = 4; lastKnownFileType = file.xib; path = CalendarHeaderView.xib; sourceTree = "<group>"; };
		279BD2631C7D025D00B75A98 /* CalendarEventCell.xib */ = {isa = PBXFileReference; fileEncoding = 4; lastKnownFileType = file.xib; path = CalendarEventCell.xib; sourceTree = "<group>"; };
		279BD2651C7D125600B75A98 /* ViewController.swift */ = {isa = PBXFileReference; fileEncoding = 4; lastKnownFileType = sourcecode.swift; path = ViewController.swift; sourceTree = "<group>"; };
		27F3EAD61C7CFB980094DF95 /* CalendarHeaderView.swift */ = {isa = PBXFileReference; fileEncoding = 4; lastKnownFileType = sourcecode.swift; path = CalendarHeaderView.swift; sourceTree = "<group>"; };
		27F3EAD81C7CFBC10094DF95 /* CalendarEventCell.swift */ = {isa = PBXFileReference; fileEncoding = 4; lastKnownFileType = sourcecode.swift; path = CalendarEventCell.swift; sourceTree = "<group>"; };
		27F3EADA1C7CFBD90094DF95 /* CalendarLayout.swift */ = {isa = PBXFileReference; fileEncoding = 4; lastKnownFileType = sourcecode.swift; path = CalendarLayout.swift; sourceTree = "<group>"; };
		27F3EADC1C7CFBF20094DF95 /* CalendarEvent.swift */ = {isa = PBXFileReference; fileEncoding = 4; lastKnownFileType = sourcecode.swift; path = CalendarEvent.swift; sourceTree = "<group>"; };
		4F4E162A92D38B9A777C8ECD /* Pods-Calendario Clases.release.xcconfig */ = {isa = PBXFileReference; includeInIndex = 1; lastKnownFileType = text.xcconfig; name = "Pods-Calendario Clases.release.xcconfig"; path = "Pods/Target Support Files/Pods-Calendario Clases/Pods-Calendario Clases.release.xcconfig"; sourceTree = "<group>"; };
		7D562832073015340C634815 /* Pods-Calendario Clases.debug.xcconfig */ = {isa = PBXFileReference; includeInIndex = 1; lastKnownFileType = text.xcconfig; name = "Pods-Calendario Clases.debug.xcconfig"; path = "Pods/Target Support Files/Pods-Calendario Clases/Pods-Calendario Clases.debug.xcconfig"; sourceTree = "<group>"; };
/* End PBXFileReference section */

/* Begin PBXFrameworksBuildPhase section */
		2797FB901C7CF9D700D2BF9C /* Frameworks */ = {
			isa = PBXFrameworksBuildPhase;
			buildActionMask = 2147483647;
			files = (
				86E0C78853AC5557E6A1CEF1 /* Pods_Calendario_Clases.framework in Frameworks */,
			);
			runOnlyForDeploymentPostprocessing = 0;
		};
/* End PBXFrameworksBuildPhase section */

/* Begin PBXGroup section */
		2797FB8A1C7CF9D700D2BF9C = {
			isa = PBXGroup;
			children = (
				2797FB951C7CF9D700D2BF9C /* Calendario Clases */,
				2797FB941C7CF9D700D2BF9C /* Products */,
				DE9F4AD4488BD9A0C93E273B /* Pods */,
				98C01E34834BDB1FB014FC26 /* Frameworks */,
			);
			sourceTree = "<group>";
		};
		2797FB941C7CF9D700D2BF9C /* Products */ = {
			isa = PBXGroup;
			children = (
				2797FB931C7CF9D700D2BF9C /* Calendario Clases.app */,
			);
			name = Products;
			sourceTree = "<group>";
		};
		2797FB951C7CF9D700D2BF9C /* Calendario Clases */ = {
			isa = PBXGroup;
			children = (
				2797FBA81C7CFA1700D2BF9C /* Calendario */,
				2797FB961C7CF9D700D2BF9C /* AppDelegate.swift */,
				2797FB9A1C7CF9D700D2BF9C /* Main.storyboard */,
				2797FB9D1C7CF9D700D2BF9C /* Assets.xcassets */,
				2797FB9F1C7CF9D700D2BF9C /* LaunchScreen.storyboard */,
				2797FBA21C7CF9D700D2BF9C /* Info.plist */,
				272C04391C7CFF450078906F /* TimeInterval.swift */,
				279BD2651C7D125600B75A98 /* ViewController.swift */,
			);
			path = "Calendario Clases";
			sourceTree = "<group>";
		};
		2797FBA81C7CFA1700D2BF9C /* Calendario */ = {
			isa = PBXGroup;
			children = (
				2797FBA91C7CFA4300D2BF9C /* CalendarViewController.swift */,
				27F3EAD61C7CFB980094DF95 /* CalendarHeaderView.swift */,
				279BD2611C7D019000B75A98 /* CalendarHeaderView.xib */,
				27F3EAD81C7CFBC10094DF95 /* CalendarEventCell.swift */,
				279BD2631C7D025D00B75A98 /* CalendarEventCell.xib */,
				27F3EADA1C7CFBD90094DF95 /* CalendarLayout.swift */,
				27F3EADC1C7CFBF20094DF95 /* CalendarEvent.swift */,
			);
			name = Calendario;
			sourceTree = "<group>";
		};
		98C01E34834BDB1FB014FC26 /* Frameworks */ = {
			isa = PBXGroup;
			children = (
				0525D37347CD1F5F7CFF4C27 /* Pods_Calendario_Clases.framework */,
			);
			name = Frameworks;
			sourceTree = "<group>";
		};
		DE9F4AD4488BD9A0C93E273B /* Pods */ = {
			isa = PBXGroup;
			children = (
				7D562832073015340C634815 /* Pods-Calendario Clases.debug.xcconfig */,
				4F4E162A92D38B9A777C8ECD /* Pods-Calendario Clases.release.xcconfig */,
			);
			name = Pods;
			sourceTree = "<group>";
		};
/* End PBXGroup section */

/* Begin PBXNativeTarget section */
		2797FB921C7CF9D700D2BF9C /* Calendario Clases */ = {
			isa = PBXNativeTarget;
			buildConfigurationList = 2797FBA51C7CF9D700D2BF9C /* Build configuration list for PBXNativeTarget "Calendario Clases" */;
			buildPhases = (
				4531EFDF216DE2436D7F6E46 /* Check Pods Manifest.lock */,
				2797FB8F1C7CF9D700D2BF9C /* Sources */,
				2797FB901C7CF9D700D2BF9C /* Frameworks */,
				2797FB911C7CF9D700D2BF9C /* Resources */,
				8AA338941A8AE70F1CFB5C35 /* Embed Pods Frameworks */,
				04B958D7AA746F66D17B1602 /* Copy Pods Resources */,
			);
			buildRules = (
			);
			dependencies = (
			);
			name = "Calendario Clases";
			productName = "Calendario Clases";
			productReference = 2797FB931C7CF9D700D2BF9C /* Calendario Clases.app */;
			productType = "com.apple.product-type.application";
		};
/* End PBXNativeTarget section */

/* Begin PBXProject section */
		2797FB8B1C7CF9D700D2BF9C /* Project object */ = {
			isa = PBXProject;
			attributes = {
				LastSwiftUpdateCheck = 0720;
				LastUpgradeCheck = 0720;
				ORGANIZATIONNAME = "Jorge Casariego";
				TargetAttributes = {
					2797FB921C7CF9D700D2BF9C = {
						CreatedOnToolsVersion = 7.2.1;
					};
				};
			};
			buildConfigurationList = 2797FB8E1C7CF9D700D2BF9C /* Build configuration list for PBXProject "Calendario Clases" */;
			compatibilityVersion = "Xcode 3.2";
			developmentRegion = English;
			hasScannedForEncodings = 0;
			knownRegions = (
				en,
				Base,
			);
			mainGroup = 2797FB8A1C7CF9D700D2BF9C;
			productRefGroup = 2797FB941C7CF9D700D2BF9C /* Products */;
			projectDirPath = "";
			projectRoot = "";
			targets = (
				2797FB921C7CF9D700D2BF9C /* Calendario Clases */,
			);
		};
/* End PBXProject section */

/* Begin PBXResourcesBuildPhase section */
		2797FB911C7CF9D700D2BF9C /* Resources */ = {
			isa = PBXResourcesBuildPhase;
			buildActionMask = 2147483647;
			files = (
				2797FBA11C7CF9D700D2BF9C /* LaunchScreen.storyboard in Resources */,
				279BD2641C7D025D00B75A98 /* CalendarEventCell.xib in Resources */,
				279BD2621C7D019000B75A98 /* CalendarHeaderView.xib in Resources */,
				2797FB9E1C7CF9D700D2BF9C /* Assets.xcassets in Resources */,
				2797FB9C1C7CF9D700D2BF9C /* Main.storyboard in Resources */,
			);
			runOnlyForDeploymentPostprocessing = 0;
		};
/* End PBXResourcesBuildPhase section */

/* Begin PBXShellScriptBuildPhase section */
		04B958D7AA746F66D17B1602 /* Copy Pods Resources */ = {
			isa = PBXShellScriptBuildPhase;
			buildActionMask = 2147483647;
			files = (
			);
			inputPaths = (
			);
			name = "Copy Pods Resources";
			outputPaths = (
			);
			runOnlyForDeploymentPostprocessing = 0;
			shellPath = /bin/sh;
			shellScript = "\"${SRCROOT}/Pods/Target Support Files/Pods-Calendario Clases/Pods-Calendario Clases-resources.sh\"\n";
			showEnvVarsInLog = 0;
		};
		4531EFDF216DE2436D7F6E46 /* Check Pods Manifest.lock */ = {
			isa = PBXShellScriptBuildPhase;
			buildActionMask = 2147483647;
			files = (
			);
			inputPaths = (
			);
			name = "Check Pods Manifest.lock";
			outputPaths = (
			);
			runOnlyForDeploymentPostprocessing = 0;
			shellPath = /bin/sh;
			shellScript = "diff \"${PODS_ROOT}/../Podfile.lock\" \"${PODS_ROOT}/Manifest.lock\" > /dev/null\nif [[ $? != 0 ]] ; then\n    cat << EOM\nerror: The sandbox is not in sync with the Podfile.lock. Run 'pod install' or update your CocoaPods installation.\nEOM\n    exit 1\nfi\n";
			showEnvVarsInLog = 0;
		};
		8AA338941A8AE70F1CFB5C35 /* Embed Pods Frameworks */ = {
			isa = PBXShellScriptBuildPhase;
			buildActionMask = 2147483647;
			files = (
			);
			inputPaths = (
			);
			name = "Embed Pods Frameworks";
			outputPaths = (
			);
			runOnlyForDeploymentPostprocessing = 0;
			shellPath = /bin/sh;
			shellScript = "\"${SRCROOT}/Pods/Target Support Files/Pods-Calendario Clases/Pods-Calendario Clases-frameworks.sh\"\n";
			showEnvVarsInLog = 0;
		};
/* End PBXShellScriptBuildPhase section */

/* Begin PBXSourcesBuildPhase section */
		2797FB8F1C7CF9D700D2BF9C /* Sources */ = {
			isa = PBXSourcesBuildPhase;
			buildActionMask = 2147483647;
			files = (
				272C043A1C7CFF450078906F /* TimeInterval.swift in Sources */,
				2797FBAA1C7CFA4300D2BF9C /* CalendarViewController.swift in Sources */,
				27F3EAD71C7CFB980094DF95 /* CalendarHeaderView.swift in Sources */,
				27F3EAD91C7CFBC10094DF95 /* CalendarEventCell.swift in Sources */,
				27F3EADB1C7CFBD90094DF95 /* CalendarLayout.swift in Sources */,
				27F3EADD1C7CFBF20094DF95 /* CalendarEvent.swift in Sources */,
				279BD2661C7D125600B75A98 /* ViewController.swift in Sources */,
				2797FB971C7CF9D700D2BF9C /* AppDelegate.swift in Sources */,
			);
			runOnlyForDeploymentPostprocessing = 0;
		};
/* End PBXSourcesBuildPhase section */

/* Begin PBXVariantGroup section */
		2797FB9A1C7CF9D700D2BF9C /* Main.storyboard */ = {
			isa = PBXVariantGroup;
			children = (
				2797FB9B1C7CF9D700D2BF9C /* Base */,
			);
			name = Main.storyboard;
			sourceTree = "<group>";
		};
		2797FB9F1C7CF9D700D2BF9C /* LaunchScreen.storyboard */ = {
			isa = PBXVariantGroup;
			children = (
				2797FBA01C7CF9D700D2BF9C /* Base */,
			);
			name = LaunchScreen.storyboard;
			sourceTree = "<group>";
		};
/* End PBXVariantGroup section */

/* Begin XCBuildConfiguration section */
		2797FBA31C7CF9D700D2BF9C /* Debug */ = {
			isa = XCBuildConfiguration;
			buildSettings = {
				ALWAYS_SEARCH_USER_PATHS = NO;
				CLANG_CXX_LANGUAGE_STANDARD = "gnu++0x";
				CLANG_CXX_LIBRARY = "libc++";
				CLANG_ENABLE_MODULES = YES;
				CLANG_ENABLE_OBJC_ARC = YES;
				CLANG_WARN_BOOL_CONVERSION = YES;
				CLANG_WARN_CONSTANT_CONVERSION = YES;
				CLANG_WARN_DIRECT_OBJC_ISA_USAGE = YES_ERROR;
				CLANG_WARN_EMPTY_BODY = YES;
				CLANG_WARN_ENUM_CONVERSION = YES;
				CLANG_WARN_INT_CONVERSION = YES;
				CLANG_WARN_OBJC_ROOT_CLASS = YES_ERROR;
				CLANG_WARN_UNREACHABLE_CODE = YES;
				CLANG_WARN__DUPLICATE_METHOD_MATCH = YES;
				"CODE_SIGN_IDENTITY[sdk=iphoneos*]" = "iPhone Developer";
				COPY_PHASE_STRIP = NO;
				DEBUG_INFORMATION_FORMAT = dwarf;
				ENABLE_STRICT_OBJC_MSGSEND = YES;
				ENABLE_TESTABILITY = YES;
				GCC_C_LANGUAGE_STANDARD = gnu99;
				GCC_DYNAMIC_NO_PIC = NO;
				GCC_NO_COMMON_BLOCKS = YES;
				GCC_OPTIMIZATION_LEVEL = 0;
				GCC_PREPROCESSOR_DEFINITIONS = (
					"DEBUG=1",
					"$(inherited)",
				);
				GCC_WARN_64_TO_32_BIT_CONVERSION = YES;
				GCC_WARN_ABOUT_RETURN_TYPE = YES_ERROR;
				GCC_WARN_UNDECLARED_SELECTOR = YES;
				GCC_WARN_UNINITIALIZED_AUTOS = YES_AGGRESSIVE;
				GCC_WARN_UNUSED_FUNCTION = YES;
				GCC_WARN_UNUSED_VARIABLE = YES;
				IPHONEOS_DEPLOYMENT_TARGET = 9.2;
				MTL_ENABLE_DEBUG_INFO = YES;
				ONLY_ACTIVE_ARCH = YES;
				SDKROOT = iphoneos;
				SWIFT_OPTIMIZATION_LEVEL = "-Onone";
				TARGETED_DEVICE_FAMILY = "1,2";
			};
			name = Debug;
		};
		2797FBA41C7CF9D700D2BF9C /* Release */ = {
			isa = XCBuildConfiguration;
			buildSettings = {
				ALWAYS_SEARCH_USER_PATHS = NO;
				CLANG_CXX_LANGUAGE_STANDARD = "gnu++0x";
				CLANG_CXX_LIBRARY = "libc++";
				CLANG_ENABLE_MODULES = YES;
				CLANG_ENABLE_OBJC_ARC = YES;
				CLANG_WARN_BOOL_CONVERSION = YES;
				CLANG_WARN_CONSTANT_CONVERSION = YES;
				CLANG_WARN_DIRECT_OBJC_ISA_USAGE = YES_ERROR;
				CLANG_WARN_EMPTY_BODY = YES;
				CLANG_WARN_ENUM_CONVERSION = YES;
				CLANG_WARN_INT_CONVERSION = YES;
				CLANG_WARN_OBJC_ROOT_CLASS = YES_ERROR;
				CLANG_WARN_UNREACHABLE_CODE = YES;
				CLANG_WARN__DUPLICATE_METHOD_MATCH = YES;
				"CODE_SIGN_IDENTITY[sdk=iphoneos*]" = "iPhone Developer";
				COPY_PHASE_STRIP = NO;
				DEBUG_INFORMATION_FORMAT = "dwarf-with-dsym";
				ENABLE_NS_ASSERTIONS = NO;
				ENABLE_STRICT_OBJC_MSGSEND = YES;
				GCC_C_LANGUAGE_STANDARD = gnu99;
				GCC_NO_COMMON_BLOCKS = YES;
				GCC_WARN_64_TO_32_BIT_CONVERSION = YES;
				GCC_WARN_ABOUT_RETURN_TYPE = YES_ERROR;
				GCC_WARN_UNDECLARED_SELECTOR = YES;
				GCC_WARN_UNINITIALIZED_AUTOS = YES_AGGRESSIVE;
				GCC_WARN_UNUSED_FUNCTION = YES;
				GCC_WARN_UNUSED_VARIABLE = YES;
				IPHONEOS_DEPLOYMENT_TARGET = 9.2;
				MTL_ENABLE_DEBUG_INFO = NO;
				SDKROOT = iphoneos;
				TARGETED_DEVICE_FAMILY = "1,2";
				VALIDATE_PRODUCT = YES;
			};
			name = Release;
		};
		2797FBA61C7CF9D700D2BF9C /* Debug */ = {
			isa = XCBuildConfiguration;
			baseConfigurationReference = 7D562832073015340C634815 /* Pods-Calendario Clases.debug.xcconfig */;
			buildSettings = {
				ASSETCATALOG_COMPILER_APPICON_NAME = AppIcon;
				INFOPLIST_FILE = "Calendario Clases/Info.plist";
				LD_RUNPATH_SEARCH_PATHS = "$(inherited) @executable_path/Frameworks";
				PRODUCT_BUNDLE_IDENTIFIER = "com.jorge.casariego.Calendario-Clases";
				PRODUCT_NAME = "$(TARGET_NAME)";
			};
			name = Debug;
		};
		2797FBA71C7CF9D700D2BF9C /* Release */ = {
			isa = XCBuildConfiguration;
			baseConfigurationReference = 4F4E162A92D38B9A777C8ECD /* Pods-Calendario Clases.release.xcconfig */;
			buildSettings = {
				ASSETCATALOG_COMPILER_APPICON_NAME = AppIcon;
				INFOPLIST_FILE = "Calendario Clases/Info.plist";
				LD_RUNPATH_SEARCH_PATHS = "$(inherited) @executable_path/Frameworks";
				PRODUCT_BUNDLE_IDENTIFIER = "com.jorge.casariego.Calendario-Clases";
				PRODUCT_NAME = "$(TARGET_NAME)";
			};
			name = Release;
		};
/* End XCBuildConfiguration section */

/* Begin XCConfigurationList section */
		2797FB8E1C7CF9D700D2BF9C /* Build configuration list for PBXProject "Calendario Clases" */ = {
			isa = XCConfigurationList;
			buildConfigurations = (
				2797FBA31C7CF9D700D2BF9C /* Debug */,
				2797FBA41C7CF9D700D2BF9C /* Release */,
			);
			defaultConfigurationIsVisible = 0;
			defaultConfigurationName = Release;
		};
		2797FBA51C7CF9D700D2BF9C /* Build configuration list for PBXNativeTarget "Calendario Clases" */ = {
			isa = XCConfigurationList;
			buildConfigurations = (
				2797FBA61C7CF9D700D2BF9C /* Debug */,
				2797FBA71C7CF9D700D2BF9C /* Release */,
			);
			defaultConfigurationIsVisible = 0;
			defaultConfigurationName = Release;
		};
/* End XCConfigurationList section */
	};
	rootObject = 2797FB8B1C7CF9D700D2BF9C /* Project object */;
}
